
Microsoft Visual Studio Solution File, Format Version 12.00
# Visual Studio Version 17
VisualStudioVersion = 17.6.33723.286
MinimumVisualStudioVersion = 10.0.40219.1
Project("{FAE04EC0-301F-11D3-BF4B-00C04F79EFBC}") = "lab_3", "lab_3\lab_3.csproj", "{1D5A6359-0276-4E3B-B2E3-4614965E6EAD}"
EndProject
Project("{FAE04EC0-301F-11D3-BF4B-00C04F79EFBC}") = "exersise_2", "exersise_2\exersise_2.csproj", "{A5C66192-C8B9-4246-8076-C00C5D2C3BED}"
EndProject
Global
	GlobalSection(SolutionConfigurationPlatforms) = preSolution
		Debug|Any CPU = Debug|Any CPU
		Release|Any CPU = Release|Any CPU
	EndGlobalSection
	GlobalSection(ProjectConfigurationPlatforms) = postSolution
		{1D5A6359-0276-4E3B-B2E3-4614965E6EAD}.Debug|Any CPU.ActiveCfg = Debug|Any CPU
		{1D5A6359-0276-4E3B-B2E3-4614965E6EAD}.Debug|Any CPU.Build.0 = Debug|Any CPU
		{1D5A6359-0276-4E3B-B2E3-4614965E6EAD}.Release|Any CPU.ActiveCfg = Release|Any CPU
		{1D5A6359-0276-4E3B-B2E3-4614965E6EAD}.Release|Any CPU.Build.0 = Release|Any CPU
		{A5C66192-C8B9-4246-8076-C00C5D2C3BED}.Debug|Any CPU.ActiveCfg = Debug|Any CPU
		{A5C66192-C8B9-4246-8076-C00C5D2C3BED}.Debug|Any CPU.Build.0 = Debug|Any CPU
		{A5C66192-C8B9-4246-8076-C00C5D2C3BED}.Release|Any CPU.ActiveCfg = Release|Any CPU
		{A5C66192-C8B9-4246-8076-C00C5D2C3BED}.Release|Any CPU.Build.0 = Release|Any CPU
	EndGlobalSection
	GlobalSection(SolutionProperties) = preSolution
		HideSolutionNode = FALSE
	EndGlobalSection
	GlobalSection(ExtensibilityGlobals) = postSolution
		SolutionGuid = {29D5BFB5-8673-4D81-8959-E2F834FAFE19}
	EndGlobalSection
EndGlobal
